
Microsoft Visual Studio Solution File, Format Version 11.00
# Visual Studio 2010
Project("{FAE04EC0-301F-11D3-BF4B-00C04F79EFBC}") = "3DUI_Project", "Assembly-CSharp.csproj", "{5BB8B7E0-0AEA-F011-334D-472E47622CC7}"
EndProject
Project("{FAE04EC0-301F-11D3-BF4B-00C04F79EFBC}") = "3DUI_Project", "Assembly-CSharp-Editor.csproj", "{6030EC5C-574D-ECFA-691A-3F04CEB368E8}"
EndProject
Global
	GlobalSection(SolutionConfigurationPlatforms) = preSolution
		Debug|Any CPU = Debug|Any CPU
		Release|Any CPU = Release|Any CPU
	EndGlobalSection
	GlobalSection(ProjectConfigurationPlatforms) = postSolution
		{5BB8B7E0-0AEA-F011-334D-472E47622CC7}.Debug|Any CPU.ActiveCfg = Debug|Any CPU
		{5BB8B7E0-0AEA-F011-334D-472E47622CC7}.Debug|Any CPU.Build.0 = Debug|Any CPU
		{5BB8B7E0-0AEA-F011-334D-472E47622CC7}.Release|Any CPU.ActiveCfg = Release|Any CPU
		{5BB8B7E0-0AEA-F011-334D-472E47622CC7}.Release|Any CPU.Build.0 = Release|Any CPU
		{6030EC5C-574D-ECFA-691A-3F04CEB368E8}.Debug|Any CPU.ActiveCfg = Debug|Any CPU
		{6030EC5C-574D-ECFA-691A-3F04CEB368E8}.Debug|Any CPU.Build.0 = Debug|Any CPU
		{6030EC5C-574D-ECFA-691A-3F04CEB368E8}.Release|Any CPU.ActiveCfg = Release|Any CPU
		{6030EC5C-574D-ECFA-691A-3F04CEB368E8}.Release|Any CPU.Build.0 = Release|Any CPU
	EndGlobalSection
	GlobalSection(SolutionProperties) = preSolution
		HideSolutionNode = FALSE
	EndGlobalSection
	GlobalSection(MonoDevelopProperties) = preSolution
		StartupItem = Assembly-CSharp.csproj
	EndGlobalSection
EndGlobal
